
Microsoft Visual Studio Solution File, Format Version 11.00
# Visual Studio 2010
Project("{FAE04EC0-301F-11D3-BF4B-00C04F79EFBC}") = "SecBox", "SecBox\SecBox.csproj", "{A6107116-8F96-4E5C-9AE3-635D9C762B94}"
EndProject
Global
	GlobalSection(SolutionConfigurationPlatforms) = preSolution
		Debug|Any CPU = Debug|Any CPU
		Release|Any CPU = Release|Any CPU
	EndGlobalSection
	GlobalSection(ProjectConfigurationPlatforms) = postSolution
		{A6107116-8F96-4E5C-9AE3-635D9C762B94}.Debug|Any CPU.ActiveCfg = Debug|Any CPU
		{A6107116-8F96-4E5C-9AE3-635D9C762B94}.Debug|Any CPU.Build.0 = Debug|Any CPU
		{A6107116-8F96-4E5C-9AE3-635D9C762B94}.Release|Any CPU.ActiveCfg = Release|Any CPU
		{A6107116-8F96-4E5C-9AE3-635D9C762B94}.Release|Any CPU.Build.0 = Release|Any CPU
	EndGlobalSection
	GlobalSection(SolutionProperties) = preSolution
		HideSolutionNode = FALSE
	EndGlobalSection
EndGlobal
